
Microsoft Visual Studio Solution File, Format Version 12.00
# Visual Studio 2013
VisualStudioVersion = 12.0.21005.1
MinimumVisualStudioVersion = 10.0.40219.1
Project("{FAE04EC0-301F-11D3-BF4B-00C04F79EFBC}") = "AngularTesting", "AngularTesting\AngularTesting.csproj", "{FEC53E0E-8639-413B-9486-7F1EDDD3BA2E}"
EndProject
Global
	GlobalSection(SolutionConfigurationPlatforms) = preSolution
		Debug|Any CPU = Debug|Any CPU
		Release|Any CPU = Release|Any CPU
	EndGlobalSection
	GlobalSection(ProjectConfigurationPlatforms) = postSolution
		{FEC53E0E-8639-413B-9486-7F1EDDD3BA2E}.Debug|Any CPU.ActiveCfg = Debug|Any CPU
		{FEC53E0E-8639-413B-9486-7F1EDDD3BA2E}.Debug|Any CPU.Build.0 = Debug|Any CPU
		{FEC53E0E-8639-413B-9486-7F1EDDD3BA2E}.Release|Any CPU.ActiveCfg = Release|Any CPU
		{FEC53E0E-8639-413B-9486-7F1EDDD3BA2E}.Release|Any CPU.Build.0 = Release|Any CPU
	EndGlobalSection
	GlobalSection(SolutionProperties) = preSolution
		HideSolutionNode = FALSE
	EndGlobalSection
EndGlobal
